
Microsoft Visual Studio Solution File, Format Version 12.00
# Visual Studio Version 17
VisualStudioVersion = 17.9.34728.123
MinimumVisualStudioVersion = 10.0.40219.1
Project("{FAE04EC0-301F-11D3-BF4B-00C04F79EFBC}") = "CVU", "CVU.csproj", "{65C67EA8-FAD3-4CEB-A016-7AFF5E88603C}"
EndProject
Global
	GlobalSection(SolutionConfigurationPlatforms) = preSolution
		Debug|Any CPU = Debug|Any CPU
		Release|Any CPU = Release|Any CPU
	EndGlobalSection
	GlobalSection(ProjectConfigurationPlatforms) = postSolution
		{65C67EA8-FAD3-4CEB-A016-7AFF5E88603C}.Debug|Any CPU.ActiveCfg = Debug|Any CPU
		{65C67EA8-FAD3-4CEB-A016-7AFF5E88603C}.Debug|Any CPU.Build.0 = Debug|Any CPU
		{65C67EA8-FAD3-4CEB-A016-7AFF5E88603C}.Release|Any CPU.ActiveCfg = Release|Any CPU
		{65C67EA8-FAD3-4CEB-A016-7AFF5E88603C}.Release|Any CPU.Build.0 = Release|Any CPU
	EndGlobalSection
	GlobalSection(SolutionProperties) = preSolution
		HideSolutionNode = FALSE
	EndGlobalSection
	GlobalSection(ExtensibilityGlobals) = postSolution
		SolutionGuid = {F7B073D7-A522-4FDD-BE15-7E6F4AF8EFAA}
	EndGlobalSection
EndGlobal
